
Microsoft Visual Studio Solution File, Format Version 12.00
# Visual Studio 15
VisualStudioVersion = 15.0.28307.757
MinimumVisualStudioVersion = 10.0.40219.1
Project("{2150E333-8FDC-42A3-9474-1A3956D46DE8}") = "Domain", "Domain", "{91734FA4-F1A6-415D-9119-59E61A7AABB4}"
EndProject
Project("{2150E333-8FDC-42A3-9474-1A3956D46DE8}") = "Infra.Bus", "Infra.Bus", "{45E04C57-E8CF-4F9E-B081-0C10B354AA36}"
EndProject
Project("{2150E333-8FDC-42A3-9474-1A3956D46DE8}") = "Infra.Ioc", "Infra.Ioc", "{D7433D7D-9CF9-47D5-9F8A-D359589A0F1B}"
EndProject
Project("{2150E333-8FDC-42A3-9474-1A3956D46DE8}") = "Microservices", "Microservices", "{66B8B9B8-63D3-4890-970E-30CD7C66B8FD}"
EndProject
Project("{2150E333-8FDC-42A3-9474-1A3956D46DE8}") = "Presentation", "Presentation", "{44355297-7979-444B-BCCD-CA29CD8F25F2}"
EndProject
Project("{9A19103F-16F7-4668-BE54-9A1E7A4F7556}") = "MicroRabbit.Domain.Core", "MicroRabbit.Domain.Core\MicroRabbit.Domain.Core.csproj", "{8896B996-E596-4F32-85EA-6F5490F441F7}"
EndProject
Project("{9A19103F-16F7-4668-BE54-9A1E7A4F7556}") = "MicroRabbit.Infra.Bus", "MicroRabbit.Infra.Bus\MicroRabbit.Infra.Bus.csproj", "{14A15F15-F18B-452F-A5D0-9905A0D10133}"
EndProject
Project("{9A19103F-16F7-4668-BE54-9A1E7A4F7556}") = "MicroRabbit.Infra.IoC", "MicroRabbit.Infra.IoC\MicroRabbit.Infra.IoC.csproj", "{4D3BB815-42DA-41A5-ABD1-9891CB75B670}"
EndProject
Project("{2150E333-8FDC-42A3-9474-1A3956D46DE8}") = "Banking", "Banking", "{7369A613-34B8-469B-A303-B543BAD56C94}"
EndProject
Project("{2150E333-8FDC-42A3-9474-1A3956D46DE8}") = "Api", "Api", "{2911925E-FA12-4D7B-9DEB-46C9C8D18199}"
EndProject
Project("{2150E333-8FDC-42A3-9474-1A3956D46DE8}") = "Application", "Application", "{7D0B6CA2-C675-4BCF-9D16-DD73FB61E7F3}"
EndProject
Project("{2150E333-8FDC-42A3-9474-1A3956D46DE8}") = "Data", "Data", "{2ADD3AB9-9FE8-45FE-831B-AEE2022531EA}"
EndProject
Project("{2150E333-8FDC-42A3-9474-1A3956D46DE8}") = "Domain", "Domain", "{11D2953D-029F-4445-8278-43A1349174AC}"
EndProject
Project("{9A19103F-16F7-4668-BE54-9A1E7A4F7556}") = "MicroRabbit.Banking.Api", "MicroRabbit.Banking.Api\MicroRabbit.Banking.Api.csproj", "{26DF596E-7F2B-4037-8ED8-799A7A3FE62C}"
EndProject
Project("{9A19103F-16F7-4668-BE54-9A1E7A4F7556}") = "MicroRabbit.Banking.Application", "MicroRabbit.Banking.Application\MicroRabbit.Banking.Application.csproj", "{D00CF2D4-A402-42FF-B456-6416F9CD032F}"
EndProject
Project("{9A19103F-16F7-4668-BE54-9A1E7A4F7556}") = "MicroRabbit.Banking.Data", "MicroRabbit.Banking.Data\MicroRabbit.Banking.Data.csproj", "{A924D0AB-4AD9-49AF-9554-B8299E57E0C9}"
EndProject
Project("{9A19103F-16F7-4668-BE54-9A1E7A4F7556}") = "MicroRabbit.Banking.Domain", "MicroRabbit.Banking.Domain\MicroRabbit.Banking.Domain.csproj", "{8E8A35C9-EDF4-4878-B1AF-040F3E7F94C6}"
EndProject
Project("{2150E333-8FDC-42A3-9474-1A3956D46DE8}") = "Transfer", "Transfer", "{A3B35636-69E7-4602-9984-C0E7882FD721}"
EndProject
Project("{2150E333-8FDC-42A3-9474-1A3956D46DE8}") = "Api", "Api", "{9A67705E-F5E4-43D5-B1A7-E19F9AD1B558}"
EndProject
Project("{2150E333-8FDC-42A3-9474-1A3956D46DE8}") = "Application", "Application", "{0A3C8F14-A0A3-4EA2-BA12-8FDD25F5DECF}"
EndProject
Project("{2150E333-8FDC-42A3-9474-1A3956D46DE8}") = "Data", "Data", "{CC1C85CE-4961-420A-887D-F15008F66384}"
EndProject
Project("{2150E333-8FDC-42A3-9474-1A3956D46DE8}") = "Domain", "Domain", "{44A15379-6478-47BA-A34F-949F4196D192}"
EndProject
Project("{FAE04EC0-301F-11D3-BF4B-00C04F79EFBC}") = "MicroRabbit.Transfer.Api", "MicroRabbit.Transfer.Api\MicroRabbit.Transfer.Api.csproj", "{664C1231-EA34-4A46-87A1-5C0186A05A85}"
EndProject
Project("{FAE04EC0-301F-11D3-BF4B-00C04F79EFBC}") = "MicroRabbit.Transfer.Application", "MicroRabbit.Transfer.Application\MicroRabbit.Transfer.Application.csproj", "{663D5FC1-231F-424F-B089-9FD99A8BC7BD}"
EndProject
Project("{FAE04EC0-301F-11D3-BF4B-00C04F79EFBC}") = "MicroRabbit.Transfer.Data", "MicroRabbit.Transfer.Data\MicroRabbit.Transfer.Data.csproj", "{CD7D5F26-0752-4EDC-AED8-7A26712B7912}"
EndProject
Project("{FAE04EC0-301F-11D3-BF4B-00C04F79EFBC}") = "MicroRabbit.Transfer.Domain", "MicroRabbit.Transfer.Domain\MicroRabbit.Transfer.Domain.csproj", "{900F96EC-084D-4FE3-8733-BC268F54F8EC}"
EndProject
Global
	GlobalSection(SolutionConfigurationPlatforms) = preSolution
		Debug|Any CPU = Debug|Any CPU
		Release|Any CPU = Release|Any CPU
	EndGlobalSection
	GlobalSection(ProjectConfigurationPlatforms) = postSolution
		{8896B996-E596-4F32-85EA-6F5490F441F7}.Debug|Any CPU.ActiveCfg = Debug|Any CPU
		{8896B996-E596-4F32-85EA-6F5490F441F7}.Debug|Any CPU.Build.0 = Debug|Any CPU
		{8896B996-E596-4F32-85EA-6F5490F441F7}.Release|Any CPU.ActiveCfg = Release|Any CPU
		{8896B996-E596-4F32-85EA-6F5490F441F7}.Release|Any CPU.Build.0 = Release|Any CPU
		{14A15F15-F18B-452F-A5D0-9905A0D10133}.Debug|Any CPU.ActiveCfg = Debug|Any CPU
		{14A15F15-F18B-452F-A5D0-9905A0D10133}.Debug|Any CPU.Build.0 = Debug|Any CPU
		{14A15F15-F18B-452F-A5D0-9905A0D10133}.Release|Any CPU.ActiveCfg = Release|Any CPU
		{14A15F15-F18B-452F-A5D0-9905A0D10133}.Release|Any CPU.Build.0 = Release|Any CPU
		{4D3BB815-42DA-41A5-ABD1-9891CB75B670}.Debug|Any CPU.ActiveCfg = Debug|Any CPU
		{4D3BB815-42DA-41A5-ABD1-9891CB75B670}.Debug|Any CPU.Build.0 = Debug|Any CPU
		{4D3BB815-42DA-41A5-ABD1-9891CB75B670}.Release|Any CPU.ActiveCfg = Release|Any CPU
		{4D3BB815-42DA-41A5-ABD1-9891CB75B670}.Release|Any CPU.Build.0 = Release|Any CPU
		{26DF596E-7F2B-4037-8ED8-799A7A3FE62C}.Debug|Any CPU.ActiveCfg = Debug|Any CPU
		{26DF596E-7F2B-4037-8ED8-799A7A3FE62C}.Debug|Any CPU.Build.0 = Debug|Any CPU
		{26DF596E-7F2B-4037-8ED8-799A7A3FE62C}.Release|Any CPU.ActiveCfg = Release|Any CPU
		{26DF596E-7F2B-4037-8ED8-799A7A3FE62C}.Release|Any CPU.Build.0 = Release|Any CPU
		{D00CF2D4-A402-42FF-B456-6416F9CD032F}.Debug|Any CPU.ActiveCfg = Debug|Any CPU
		{D00CF2D4-A402-42FF-B456-6416F9CD032F}.Debug|Any CPU.Build.0 = Debug|Any CPU
		{D00CF2D4-A402-42FF-B456-6416F9CD032F}.Release|Any CPU.ActiveCfg = Release|Any CPU
		{D00CF2D4-A402-42FF-B456-6416F9CD032F}.Release|Any CPU.Build.0 = Release|Any CPU
		{A924D0AB-4AD9-49AF-9554-B8299E57E0C9}.Debug|Any CPU.ActiveCfg = Debug|Any CPU
		{A924D0AB-4AD9-49AF-9554-B8299E57E0C9}.Debug|Any CPU.Build.0 = Debug|Any CPU
		{A924D0AB-4AD9-49AF-9554-B8299E57E0C9}.Release|Any CPU.ActiveCfg = Release|Any CPU
		{A924D0AB-4AD9-49AF-9554-B8299E57E0C9}.Release|Any CPU.Build.0 = Release|Any CPU
		{8E8A35C9-EDF4-4878-B1AF-040F3E7F94C6}.Debug|Any CPU.ActiveCfg = Debug|Any CPU
		{8E8A35C9-EDF4-4878-B1AF-040F3E7F94C6}.Debug|Any CPU.Build.0 = Debug|Any CPU
		{8E8A35C9-EDF4-4878-B1AF-040F3E7F94C6}.Release|Any CPU.ActiveCfg = Release|Any CPU
		{8E8A35C9-EDF4-4878-B1AF-040F3E7F94C6}.Release|Any CPU.Build.0 = Release|Any CPU
		{664C1231-EA34-4A46-87A1-5C0186A05A85}.Debug|Any CPU.ActiveCfg = Debug|Any CPU
		{664C1231-EA34-4A46-87A1-5C0186A05A85}.Debug|Any CPU.Build.0 = Debug|Any CPU
		{664C1231-EA34-4A46-87A1-5C0186A05A85}.Release|Any CPU.ActiveCfg = Release|Any CPU
		{664C1231-EA34-4A46-87A1-5C0186A05A85}.Release|Any CPU.Build.0 = Release|Any CPU
		{663D5FC1-231F-424F-B089-9FD99A8BC7BD}.Debug|Any CPU.ActiveCfg = Debug|Any CPU
		{663D5FC1-231F-424F-B089-9FD99A8BC7BD}.Debug|Any CPU.Build.0 = Debug|Any CPU
		{663D5FC1-231F-424F-B089-9FD99A8BC7BD}.Release|Any CPU.ActiveCfg = Release|Any CPU
		{663D5FC1-231F-424F-B089-9FD99A8BC7BD}.Release|Any CPU.Build.0 = Release|Any CPU
		{CD7D5F26-0752-4EDC-AED8-7A26712B7912}.Debug|Any CPU.ActiveCfg = Debug|Any CPU
		{CD7D5F26-0752-4EDC-AED8-7A26712B7912}.Debug|Any CPU.Build.0 = Debug|Any CPU
		{CD7D5F26-0752-4EDC-AED8-7A26712B7912}.Release|Any CPU.ActiveCfg = Release|Any CPU
		{CD7D5F26-0752-4EDC-AED8-7A26712B7912}.Release|Any CPU.Build.0 = Release|Any CPU
		{900F96EC-084D-4FE3-8733-BC268F54F8EC}.Debug|Any CPU.ActiveCfg = Debug|Any CPU
		{900F96EC-084D-4FE3-8733-BC268F54F8EC}.Debug|Any CPU.Build.0 = Debug|Any CPU
		{900F96EC-084D-4FE3-8733-BC268F54F8EC}.Release|Any CPU.ActiveCfg = Release|Any CPU
		{900F96EC-084D-4FE3-8733-BC268F54F8EC}.Release|Any CPU.Build.0 = Release|Any CPU
	EndGlobalSection
	GlobalSection(SolutionProperties) = preSolution
		HideSolutionNode = FALSE
	EndGlobalSection
	GlobalSection(NestedProjects) = preSolution
		{8896B996-E596-4F32-85EA-6F5490F441F7} = {91734FA4-F1A6-415D-9119-59E61A7AABB4}
		{14A15F15-F18B-452F-A5D0-9905A0D10133} = {45E04C57-E8CF-4F9E-B081-0C10B354AA36}
		{4D3BB815-42DA-41A5-ABD1-9891CB75B670} = {D7433D7D-9CF9-47D5-9F8A-D359589A0F1B}
		{7369A613-34B8-469B-A303-B543BAD56C94} = {66B8B9B8-63D3-4890-970E-30CD7C66B8FD}
		{2911925E-FA12-4D7B-9DEB-46C9C8D18199} = {7369A613-34B8-469B-A303-B543BAD56C94}
		{7D0B6CA2-C675-4BCF-9D16-DD73FB61E7F3} = {7369A613-34B8-469B-A303-B543BAD56C94}
		{2ADD3AB9-9FE8-45FE-831B-AEE2022531EA} = {7369A613-34B8-469B-A303-B543BAD56C94}
		{11D2953D-029F-4445-8278-43A1349174AC} = {7369A613-34B8-469B-A303-B543BAD56C94}
		{26DF596E-7F2B-4037-8ED8-799A7A3FE62C} = {2911925E-FA12-4D7B-9DEB-46C9C8D18199}
		{D00CF2D4-A402-42FF-B456-6416F9CD032F} = {7D0B6CA2-C675-4BCF-9D16-DD73FB61E7F3}
		{A924D0AB-4AD9-49AF-9554-B8299E57E0C9} = {2ADD3AB9-9FE8-45FE-831B-AEE2022531EA}
		{8E8A35C9-EDF4-4878-B1AF-040F3E7F94C6} = {11D2953D-029F-4445-8278-43A1349174AC}
		{A3B35636-69E7-4602-9984-C0E7882FD721} = {66B8B9B8-63D3-4890-970E-30CD7C66B8FD}
		{9A67705E-F5E4-43D5-B1A7-E19F9AD1B558} = {A3B35636-69E7-4602-9984-C0E7882FD721}
		{0A3C8F14-A0A3-4EA2-BA12-8FDD25F5DECF} = {A3B35636-69E7-4602-9984-C0E7882FD721}
		{CC1C85CE-4961-420A-887D-F15008F66384} = {A3B35636-69E7-4602-9984-C0E7882FD721}
		{44A15379-6478-47BA-A34F-949F4196D192} = {A3B35636-69E7-4602-9984-C0E7882FD721}
		{664C1231-EA34-4A46-87A1-5C0186A05A85} = {9A67705E-F5E4-43D5-B1A7-E19F9AD1B558}
		{663D5FC1-231F-424F-B089-9FD99A8BC7BD} = {0A3C8F14-A0A3-4EA2-BA12-8FDD25F5DECF}
		{CD7D5F26-0752-4EDC-AED8-7A26712B7912} = {CC1C85CE-4961-420A-887D-F15008F66384}
		{900F96EC-084D-4FE3-8733-BC268F54F8EC} = {44A15379-6478-47BA-A34F-949F4196D192}
	EndGlobalSection
	GlobalSection(ExtensibilityGlobals) = postSolution
		SolutionGuid = {B267C454-4DB9-4072-A1D5-BD8C0282E5CB}
	EndGlobalSection
EndGlobal
